
Microsoft Visual Studio Solution File, Format Version 12.00
# Visual Studio Version 17
VisualStudioVersion = 17.3.32901.215
MinimumVisualStudioVersion = 10.0.40219.1
Project("{FAE04EC0-301F-11D3-BF4B-00C04F79EFBC}") = "demoTradingCore", "demoTradingCore\demoTradingCore.csproj", "{932E0DD0-256E-4480-97BC-E0A291D8F3E0}"
EndProject
Project("{9A19103F-16F7-4668-BE54-9A1E7A4F7556}") = "VisualHFT.Commons", "VisualHFT.Commons\VisualHFT.Commons.csproj", "{D479C46D-1016-4C55-89CA-7FECB77BADD9}"
EndProject
Project("{9A19103F-16F7-4668-BE54-9A1E7A4F7556}") = "MarketConnectors.Binance", "VisualHFT.Plugins\MarketConnectors.Binance\MarketConnectors.Binance.csproj", "{94E440F7-C9B4-41B4-B7F2-631361BB15C2}"
EndProject
Project("{2150E333-8FDC-42A3-9474-1A3956D46DE8}") = "Plugins", "Plugins", "{EDFECE32-94EC-4AC5-8A4B-B7CDECC65CB0}"
EndProject
Project("{9A19103F-16F7-4668-BE54-9A1E7A4F7556}") = "MarketConnectors.Bitfinex", "VisualHFT.Plugins\MarketConnectors.Bitfinex\MarketConnectors.Bitfinex.csproj", "{06AD6F6B-BBFA-458E-ACA4-EEA5AF1F3AE0}"
EndProject
Project("{9A19103F-16F7-4668-BE54-9A1E7A4F7556}") = "MarketConnectors.WebSocket", "VisualHFT.Plugins\MarketConnectors.WebSocket\MarketConnectors.WebSocket.csproj", "{CCC8EF2E-EEE3-4F5C-8A06-F07947D8BCFA}"
EndProject
Project("{9A19103F-16F7-4668-BE54-9A1E7A4F7556}") = "Studies.VPIN", "VisualHFT.Plugins\Studies.VPIN\Studies.VPIN.csproj", "{77A17B04-2914-4DB5-874C-C533D437B176}"
EndProject
Project("{9A19103F-16F7-4668-BE54-9A1E7A4F7556}") = "VisualHFT.Commons.WPF", "VisualHFT.Commons.WPF\VisualHFT.Commons.WPF.csproj", "{62BF162D-118E-426C-8B96-1A1612E0A346}"
EndProject
Project("{9A19103F-16F7-4668-BE54-9A1E7A4F7556}") = "Studies.LOBImbalance", "VisualHFT.Plugins\Studies.LOBImbalance\Studies.LOBImbalance.csproj", "{74B08F14-A2A1-43A1-8DBF-CA9F19F9B8E2}"
EndProject
Project("{9A19103F-16F7-4668-BE54-9A1E7A4F7556}") = "Studies.MarketResilience", "VisualHFT.Plugins\Studies.MarketResilience\Studies.MarketResilience.csproj", "{AE79F03E-98FF-4730-BEFE-76204BFD7707}"
EndProject
Project("{9A19103F-16F7-4668-BE54-9A1E7A4F7556}") = "Studies.MarketTradingRatios", "VisualHFT.Plugins\Studies.MarketTradingRatios\Studies.MarketTradingRatios.csproj", "{C70DB572-59CB-4CA4-9373-FFE64935E408}"
EndProject
Project("{9A19103F-16F7-4668-BE54-9A1E7A4F7556}") = "VisualHFT", "VisualHFT.csproj", "{53201298-2106-4464-9ABD-2BAD5A4C9071}"
	ProjectSection(ProjectDependencies) = postProject
		{A93E1EE2-75D8-4EC3-8526-40E85769A494} = {A93E1EE2-75D8-4EC3-8526-40E85769A494}
	EndProjectSection
EndProject
Project("{9A19103F-16F7-4668-BE54-9A1E7A4F7556}") = "MarketConnectors.Kraken", "VisualHFT.Plugins\MarketConnectors.Kraken\MarketConnectors.Kraken.csproj", "{A93E1EE2-75D8-4EC3-8526-40E85769A494}"
EndProject
Project("{9A19103F-16F7-4668-BE54-9A1E7A4F7556}") = "MarketConnectors.KuCoin", "VisualHFT.Plugins\MarketConnectors.KuCoin\MarketConnectors.KuCoin.csproj", "{2B00CCF7-CFAA-4138-B4B2-1EB64D02487C}"
EndProject
Project("{2150E333-8FDC-42A3-9474-1A3956D46DE8}") = "MarketConnectors.BaseDAL", "MarketConnectors.BaseDAL", "{66E9B8C9-1364-46A0-A890-0DF796F48894}"
EndProject
Project("{9A19103F-16F7-4668-BE54-9A1E7A4F7556}") = "MarketConnectors.Gemini", "VisualHFT.Plugins\MarketConnectors.Gemini\MarketConnectors.Gemini\MarketConnectors.Gemini.csproj", "{16ACF5CD-643C-4861-B06D-4232A73AD84D}"
EndProject
Project("{9A19103F-16F7-4668-BE54-9A1E7A4F7556}") = "Gemini.Net", "VisualHFT.Plugins\MarketConnectors.BaseDAL\Gemini.Net\Gemini.Net.csproj", "{461BA0E4-E808-4E6F-BC14-CD8B6A921CD5}"
EndProject
Project("{9A19103F-16F7-4668-BE54-9A1E7A4F7556}") = "BitStamp.Net", "VisualHFT.Plugins\MarketConnectors.BaseDAL\BitStamp.Net\BitStamp.Net.csproj", "{39BF461D-EFF1-47D4-B0D5-17A4C9AA239E}"
EndProject
Project("{9A19103F-16F7-4668-BE54-9A1E7A4F7556}") = "MarketConnectors.BitStamp", "VisualHFT.Plugins\MarketConnectors.BitStamp\MarketConnectors.BitStamp.csproj", "{244DEB22-2812-4C52-8ABA-909EA1511595}"
EndProject
Project("{9A19103F-16F7-4668-BE54-9A1E7A4F7556}") = "Coinbase.Net", "VisualHFT.Plugins\MarketConnectors.BaseDAL\Coinbase.Net\Coinbase.Net.csproj", "{13688EDE-7120-4665-927A-68C103324F3B}"
EndProject
Project("{9A19103F-16F7-4668-BE54-9A1E7A4F7556}") = "MarketConnectors.Coinbase", "VisualHFT.Plugins\MarketConnectors.Coinbase\MarketConnectors.Coinbase.csproj", "{28CF1BB7-49B3-4B17-9692-27F833572238}"
EndProject
Global
	GlobalSection(SolutionConfigurationPlatforms) = preSolution
		Debug|Any CPU = Debug|Any CPU
		Release|Any CPU = Release|Any CPU
	EndGlobalSection
	GlobalSection(ProjectConfigurationPlatforms) = postSolution
		{932E0DD0-256E-4480-97BC-E0A291D8F3E0}.Debug|Any CPU.ActiveCfg = Debug|Any CPU
		{932E0DD0-256E-4480-97BC-E0A291D8F3E0}.Debug|Any CPU.Build.0 = Debug|Any CPU
		{932E0DD0-256E-4480-97BC-E0A291D8F3E0}.Release|Any CPU.ActiveCfg = Release|Any CPU
		{932E0DD0-256E-4480-97BC-E0A291D8F3E0}.Release|Any CPU.Build.0 = Release|Any CPU
		{D479C46D-1016-4C55-89CA-7FECB77BADD9}.Debug|Any CPU.ActiveCfg = Debug|Any CPU
		{D479C46D-1016-4C55-89CA-7FECB77BADD9}.Debug|Any CPU.Build.0 = Debug|Any CPU
		{D479C46D-1016-4C55-89CA-7FECB77BADD9}.Release|Any CPU.ActiveCfg = Release|Any CPU
		{D479C46D-1016-4C55-89CA-7FECB77BADD9}.Release|Any CPU.Build.0 = Release|Any CPU
		{94E440F7-C9B4-41B4-B7F2-631361BB15C2}.Debug|Any CPU.ActiveCfg = Debug|Any CPU
		{94E440F7-C9B4-41B4-B7F2-631361BB15C2}.Debug|Any CPU.Build.0 = Debug|Any CPU
		{94E440F7-C9B4-41B4-B7F2-631361BB15C2}.Release|Any CPU.ActiveCfg = Release|Any CPU
		{94E440F7-C9B4-41B4-B7F2-631361BB15C2}.Release|Any CPU.Build.0 = Release|Any CPU
		{06AD6F6B-BBFA-458E-ACA4-EEA5AF1F3AE0}.Debug|Any CPU.ActiveCfg = Debug|Any CPU
		{06AD6F6B-BBFA-458E-ACA4-EEA5AF1F3AE0}.Debug|Any CPU.Build.0 = Debug|Any CPU
		{06AD6F6B-BBFA-458E-ACA4-EEA5AF1F3AE0}.Release|Any CPU.ActiveCfg = Release|Any CPU
		{06AD6F6B-BBFA-458E-ACA4-EEA5AF1F3AE0}.Release|Any CPU.Build.0 = Release|Any CPU
		{CCC8EF2E-EEE3-4F5C-8A06-F07947D8BCFA}.Debug|Any CPU.ActiveCfg = Debug|Any CPU
		{CCC8EF2E-EEE3-4F5C-8A06-F07947D8BCFA}.Debug|Any CPU.Build.0 = Debug|Any CPU
		{CCC8EF2E-EEE3-4F5C-8A06-F07947D8BCFA}.Release|Any CPU.ActiveCfg = Release|Any CPU
		{CCC8EF2E-EEE3-4F5C-8A06-F07947D8BCFA}.Release|Any CPU.Build.0 = Release|Any CPU
		{77A17B04-2914-4DB5-874C-C533D437B176}.Debug|Any CPU.ActiveCfg = Debug|Any CPU
		{77A17B04-2914-4DB5-874C-C533D437B176}.Debug|Any CPU.Build.0 = Debug|Any CPU
		{77A17B04-2914-4DB5-874C-C533D437B176}.Release|Any CPU.ActiveCfg = Release|Any CPU
		{77A17B04-2914-4DB5-874C-C533D437B176}.Release|Any CPU.Build.0 = Release|Any CPU
		{62BF162D-118E-426C-8B96-1A1612E0A346}.Debug|Any CPU.ActiveCfg = Debug|Any CPU
		{62BF162D-118E-426C-8B96-1A1612E0A346}.Debug|Any CPU.Build.0 = Debug|Any CPU
		{62BF162D-118E-426C-8B96-1A1612E0A346}.Release|Any CPU.ActiveCfg = Release|Any CPU
		{62BF162D-118E-426C-8B96-1A1612E0A346}.Release|Any CPU.Build.0 = Release|Any CPU
		{74B08F14-A2A1-43A1-8DBF-CA9F19F9B8E2}.Debug|Any CPU.ActiveCfg = Debug|Any CPU
		{74B08F14-A2A1-43A1-8DBF-CA9F19F9B8E2}.Debug|Any CPU.Build.0 = Debug|Any CPU
		{74B08F14-A2A1-43A1-8DBF-CA9F19F9B8E2}.Release|Any CPU.ActiveCfg = Release|Any CPU
		{74B08F14-A2A1-43A1-8DBF-CA9F19F9B8E2}.Release|Any CPU.Build.0 = Release|Any CPU
		{AE79F03E-98FF-4730-BEFE-76204BFD7707}.Debug|Any CPU.ActiveCfg = Debug|Any CPU
		{AE79F03E-98FF-4730-BEFE-76204BFD7707}.Debug|Any CPU.Build.0 = Debug|Any CPU
		{AE79F03E-98FF-4730-BEFE-76204BFD7707}.Release|Any CPU.ActiveCfg = Release|Any CPU
		{AE79F03E-98FF-4730-BEFE-76204BFD7707}.Release|Any CPU.Build.0 = Release|Any CPU
		{C70DB572-59CB-4CA4-9373-FFE64935E408}.Debug|Any CPU.ActiveCfg = Debug|Any CPU
		{C70DB572-59CB-4CA4-9373-FFE64935E408}.Debug|Any CPU.Build.0 = Debug|Any CPU
		{C70DB572-59CB-4CA4-9373-FFE64935E408}.Release|Any CPU.ActiveCfg = Release|Any CPU
		{C70DB572-59CB-4CA4-9373-FFE64935E408}.Release|Any CPU.Build.0 = Release|Any CPU
		{53201298-2106-4464-9ABD-2BAD5A4C9071}.Debug|Any CPU.ActiveCfg = Debug|Any CPU
		{53201298-2106-4464-9ABD-2BAD5A4C9071}.Debug|Any CPU.Build.0 = Debug|Any CPU
		{53201298-2106-4464-9ABD-2BAD5A4C9071}.Release|Any CPU.ActiveCfg = Release|Any CPU
		{53201298-2106-4464-9ABD-2BAD5A4C9071}.Release|Any CPU.Build.0 = Release|Any CPU
		{A93E1EE2-75D8-4EC3-8526-40E85769A494}.Debug|Any CPU.ActiveCfg = Debug|Any CPU
		{A93E1EE2-75D8-4EC3-8526-40E85769A494}.Debug|Any CPU.Build.0 = Debug|Any CPU
		{A93E1EE2-75D8-4EC3-8526-40E85769A494}.Release|Any CPU.ActiveCfg = Release|Any CPU
		{A93E1EE2-75D8-4EC3-8526-40E85769A494}.Release|Any CPU.Build.0 = Release|Any CPU
		{2B00CCF7-CFAA-4138-B4B2-1EB64D02487C}.Debug|Any CPU.ActiveCfg = Debug|Any CPU
		{2B00CCF7-CFAA-4138-B4B2-1EB64D02487C}.Debug|Any CPU.Build.0 = Debug|Any CPU
		{2B00CCF7-CFAA-4138-B4B2-1EB64D02487C}.Release|Any CPU.ActiveCfg = Release|Any CPU
		{2B00CCF7-CFAA-4138-B4B2-1EB64D02487C}.Release|Any CPU.Build.0 = Release|Any CPU
		{16ACF5CD-643C-4861-B06D-4232A73AD84D}.Debug|Any CPU.ActiveCfg = Debug|Any CPU
		{16ACF5CD-643C-4861-B06D-4232A73AD84D}.Debug|Any CPU.Build.0 = Debug|Any CPU
		{16ACF5CD-643C-4861-B06D-4232A73AD84D}.Release|Any CPU.ActiveCfg = Release|Any CPU
		{16ACF5CD-643C-4861-B06D-4232A73AD84D}.Release|Any CPU.Build.0 = Release|Any CPU
		{461BA0E4-E808-4E6F-BC14-CD8B6A921CD5}.Debug|Any CPU.ActiveCfg = Debug|Any CPU
		{461BA0E4-E808-4E6F-BC14-CD8B6A921CD5}.Debug|Any CPU.Build.0 = Debug|Any CPU
		{461BA0E4-E808-4E6F-BC14-CD8B6A921CD5}.Release|Any CPU.ActiveCfg = Release|Any CPU
		{461BA0E4-E808-4E6F-BC14-CD8B6A921CD5}.Release|Any CPU.Build.0 = Release|Any CPU
		{39BF461D-EFF1-47D4-B0D5-17A4C9AA239E}.Debug|Any CPU.ActiveCfg = Debug|Any CPU
		{39BF461D-EFF1-47D4-B0D5-17A4C9AA239E}.Debug|Any CPU.Build.0 = Debug|Any CPU
		{39BF461D-EFF1-47D4-B0D5-17A4C9AA239E}.Release|Any CPU.ActiveCfg = Release|Any CPU
		{39BF461D-EFF1-47D4-B0D5-17A4C9AA239E}.Release|Any CPU.Build.0 = Release|Any CPU
		{244DEB22-2812-4C52-8ABA-909EA1511595}.Debug|Any CPU.ActiveCfg = Debug|Any CPU
		{244DEB22-2812-4C52-8ABA-909EA1511595}.Debug|Any CPU.Build.0 = Debug|Any CPU
		{244DEB22-2812-4C52-8ABA-909EA1511595}.Release|Any CPU.ActiveCfg = Release|Any CPU
		{244DEB22-2812-4C52-8ABA-909EA1511595}.Release|Any CPU.Build.0 = Release|Any CPU
		{13688EDE-7120-4665-927A-68C103324F3B}.Debug|Any CPU.ActiveCfg = Debug|Any CPU
		{13688EDE-7120-4665-927A-68C103324F3B}.Debug|Any CPU.Build.0 = Debug|Any CPU
		{13688EDE-7120-4665-927A-68C103324F3B}.Release|Any CPU.ActiveCfg = Release|Any CPU
		{13688EDE-7120-4665-927A-68C103324F3B}.Release|Any CPU.Build.0 = Release|Any CPU
		{28CF1BB7-49B3-4B17-9692-27F833572238}.Debug|Any CPU.ActiveCfg = Debug|Any CPU
		{28CF1BB7-49B3-4B17-9692-27F833572238}.Debug|Any CPU.Build.0 = Debug|Any CPU
		{28CF1BB7-49B3-4B17-9692-27F833572238}.Release|Any CPU.ActiveCfg = Release|Any CPU
		{28CF1BB7-49B3-4B17-9692-27F833572238}.Release|Any CPU.Build.0 = Release|Any CPU
	EndGlobalSection
	GlobalSection(SolutionProperties) = preSolution
		HideSolutionNode = FALSE
	EndGlobalSection
	GlobalSection(NestedProjects) = preSolution
		{94E440F7-C9B4-41B4-B7F2-631361BB15C2} = {EDFECE32-94EC-4AC5-8A4B-B7CDECC65CB0}
		{06AD6F6B-BBFA-458E-ACA4-EEA5AF1F3AE0} = {EDFECE32-94EC-4AC5-8A4B-B7CDECC65CB0}
		{CCC8EF2E-EEE3-4F5C-8A06-F07947D8BCFA} = {EDFECE32-94EC-4AC5-8A4B-B7CDECC65CB0}
		{77A17B04-2914-4DB5-874C-C533D437B176} = {EDFECE32-94EC-4AC5-8A4B-B7CDECC65CB0}
		{74B08F14-A2A1-43A1-8DBF-CA9F19F9B8E2} = {EDFECE32-94EC-4AC5-8A4B-B7CDECC65CB0}
		{AE79F03E-98FF-4730-BEFE-76204BFD7707} = {EDFECE32-94EC-4AC5-8A4B-B7CDECC65CB0}
		{C70DB572-59CB-4CA4-9373-FFE64935E408} = {EDFECE32-94EC-4AC5-8A4B-B7CDECC65CB0}
		{A93E1EE2-75D8-4EC3-8526-40E85769A494} = {EDFECE32-94EC-4AC5-8A4B-B7CDECC65CB0}
		{2B00CCF7-CFAA-4138-B4B2-1EB64D02487C} = {EDFECE32-94EC-4AC5-8A4B-B7CDECC65CB0}
		{66E9B8C9-1364-46A0-A890-0DF796F48894} = {EDFECE32-94EC-4AC5-8A4B-B7CDECC65CB0}
		{16ACF5CD-643C-4861-B06D-4232A73AD84D} = {EDFECE32-94EC-4AC5-8A4B-B7CDECC65CB0}
		{461BA0E4-E808-4E6F-BC14-CD8B6A921CD5} = {66E9B8C9-1364-46A0-A890-0DF796F48894}
		{39BF461D-EFF1-47D4-B0D5-17A4C9AA239E} = {66E9B8C9-1364-46A0-A890-0DF796F48894}
		{244DEB22-2812-4C52-8ABA-909EA1511595} = {EDFECE32-94EC-4AC5-8A4B-B7CDECC65CB0}
		{13688EDE-7120-4665-927A-68C103324F3B} = {66E9B8C9-1364-46A0-A890-0DF796F48894}
		{28CF1BB7-49B3-4B17-9692-27F833572238} = {EDFECE32-94EC-4AC5-8A4B-B7CDECC65CB0}
	EndGlobalSection
	GlobalSection(ExtensibilityGlobals) = postSolution
		SolutionGuid = {9EDE643D-268A-4BB9-85A6-F32F11E40516}
	EndGlobalSection
EndGlobal
